
Microsoft Visual Studio Solution File, Format Version 12.00
# Visual Studio Version 17
VisualStudioVersion = 17.9.34616.47
MinimumVisualStudioVersion = 10.0.40219.1
Project("{FAE04EC0-301F-11D3-BF4B-00C04F79EFBC}") = "RazorPageMovie", "RazorPageMovie\RazorPageMovie.csproj", "{555955CE-CF7F-42D0-A458-50DFBEA8DDF1}"
EndProject
Global
	GlobalSection(SolutionConfigurationPlatforms) = preSolution
		Debug|Any CPU = Debug|Any CPU
		Release|Any CPU = Release|Any CPU
	EndGlobalSection
	GlobalSection(ProjectConfigurationPlatforms) = postSolution
		{555955CE-CF7F-42D0-A458-50DFBEA8DDF1}.Debug|Any CPU.ActiveCfg = Debug|Any CPU
		{555955CE-CF7F-42D0-A458-50DFBEA8DDF1}.Debug|Any CPU.Build.0 = Debug|Any CPU
		{555955CE-CF7F-42D0-A458-50DFBEA8DDF1}.Release|Any CPU.ActiveCfg = Release|Any CPU
		{555955CE-CF7F-42D0-A458-50DFBEA8DDF1}.Release|Any CPU.Build.0 = Release|Any CPU
	EndGlobalSection
	GlobalSection(SolutionProperties) = preSolution
		HideSolutionNode = FALSE
	EndGlobalSection
	GlobalSection(ExtensibilityGlobals) = postSolution
		SolutionGuid = {64C3E7FE-333A-425C-B680-0314B19021A1}
	EndGlobalSection
EndGlobal
